
Microsoft Visual Studio Solution File, Format Version 12.00
# Visual Studio Version 17
VisualStudioVersion = 17.9.34723.18
MinimumVisualStudioVersion = 10.0.40219.1
Project("{FAE04EC0-301F-11D3-BF4B-00C04F79EFBC}") = "SuperOfficeNativePoC", "SuperOfficeNativePoC.csproj", "{8881F9CB-3F93-4EC6-9B1B-7902EF5F2A0F}"
EndProject
Global
	GlobalSection(SolutionConfigurationPlatforms) = preSolution
		Debug|Any CPU = Debug|Any CPU
		Release|Any CPU = Release|Any CPU
	EndGlobalSection
	GlobalSection(ProjectConfigurationPlatforms) = postSolution
		{8881F9CB-3F93-4EC6-9B1B-7902EF5F2A0F}.Debug|Any CPU.ActiveCfg = Debug|Any CPU
		{8881F9CB-3F93-4EC6-9B1B-7902EF5F2A0F}.Debug|Any CPU.Build.0 = Debug|Any CPU
		{8881F9CB-3F93-4EC6-9B1B-7902EF5F2A0F}.Release|Any CPU.ActiveCfg = Release|Any CPU
		{8881F9CB-3F93-4EC6-9B1B-7902EF5F2A0F}.Release|Any CPU.Build.0 = Release|Any CPU
	EndGlobalSection
	GlobalSection(SolutionProperties) = preSolution
		HideSolutionNode = FALSE
	EndGlobalSection
	GlobalSection(ExtensibilityGlobals) = postSolution
		SolutionGuid = {C75650F9-6C85-44DC-92D9-4DD1957C306C}
	EndGlobalSection
EndGlobal
